
Microsoft Visual Studio Solution File, Format Version 12.00
# Visual Studio Version 17
VisualStudioVersion = 17.3.32929.385
MinimumVisualStudioVersion = 10.0.40219.1
Project("{FAE04EC0-301F-11D3-BF4B-00C04F79EFBC}") = "WIZN", "WIZN.csproj", "{7A75B87D-BB88-4A29-8987-F991367C2DD3}"
EndProject
Global
	GlobalSection(SolutionConfigurationPlatforms) = preSolution
		Debug|Any CPU = Debug|Any CPU
		Debug|x64 = Debug|x64
		Release|Any CPU = Release|Any CPU
		Release|x64 = Release|x64
	EndGlobalSection
	GlobalSection(ProjectConfigurationPlatforms) = postSolution
		{7A75B87D-BB88-4A29-8987-F991367C2DD3}.Debug|Any CPU.ActiveCfg = Debug|Any CPU
		{7A75B87D-BB88-4A29-8987-F991367C2DD3}.Debug|Any CPU.Build.0 = Debug|Any CPU
		{7A75B87D-BB88-4A29-8987-F991367C2DD3}.Debug|x64.ActiveCfg = Debug|x64
		{7A75B87D-BB88-4A29-8987-F991367C2DD3}.Debug|x64.Build.0 = Debug|x64
		{7A75B87D-BB88-4A29-8987-F991367C2DD3}.Release|Any CPU.ActiveCfg = Release|Any CPU
		{7A75B87D-BB88-4A29-8987-F991367C2DD3}.Release|Any CPU.Build.0 = Release|Any CPU
		{7A75B87D-BB88-4A29-8987-F991367C2DD3}.Release|x64.ActiveCfg = Release|x64
		{7A75B87D-BB88-4A29-8987-F991367C2DD3}.Release|x64.Build.0 = Release|x64
	EndGlobalSection
	GlobalSection(SolutionProperties) = preSolution
		HideSolutionNode = FALSE
	EndGlobalSection
	GlobalSection(ExtensibilityGlobals) = postSolution
		SolutionGuid = {A1BC4667-838F-40BE-965F-37BDF1483106}
	EndGlobalSection
EndGlobal
